
Microsoft Visual Studio Solution File, Format Version 12.00
# Visual Studio Version 17
VisualStudioVersion = 17.10.35027.167
MinimumVisualStudioVersion = 10.0.40219.1
Project("{FAE04EC0-301F-11D3-BF4B-00C04F79EFBC}") = "Matchfinder", "Matchfinder\Matchfinder.csproj", "{A12981F2-95B0-410F-813E-4967E47E133A}"
EndProject
Global
	GlobalSection(SolutionConfigurationPlatforms) = preSolution
		Debug|Any CPU = Debug|Any CPU
		Release|Any CPU = Release|Any CPU
	EndGlobalSection
	GlobalSection(ProjectConfigurationPlatforms) = postSolution
		{A12981F2-95B0-410F-813E-4967E47E133A}.Debug|Any CPU.ActiveCfg = Debug|Any CPU
		{A12981F2-95B0-410F-813E-4967E47E133A}.Debug|Any CPU.Build.0 = Debug|Any CPU
		{A12981F2-95B0-410F-813E-4967E47E133A}.Release|Any CPU.ActiveCfg = Release|Any CPU
		{A12981F2-95B0-410F-813E-4967E47E133A}.Release|Any CPU.Build.0 = Release|Any CPU
	EndGlobalSection
	GlobalSection(SolutionProperties) = preSolution
		HideSolutionNode = FALSE
	EndGlobalSection
	GlobalSection(ExtensibilityGlobals) = postSolution
		SolutionGuid = {100BB1E7-55E3-46B6-91B8-52BBF4E0AE71}
	EndGlobalSection
EndGlobal
